
Microsoft Visual Studio Solution File, Format Version 12.00
# Visual Studio Version 17
VisualStudioVersion = 17.0.31903.59
MinimumVisualStudioVersion = 10.0.40219.1
Project("{FAE04EC0-301F-11D3-BF4B-00C04F79EFBC}") = "AuctionService", "AuctionService\AuctionService.csproj", "{B91C5254-5075-437D-8BC7-ECCD74F06E85}"
EndProject
Project("{FAE04EC0-301F-11D3-BF4B-00C04F79EFBC}") = "SearchService", "SearchService\SearchService.csproj", "{691F56BC-CCF7-444F-8EB2-EE92664FBA88}"
EndProject
Project("{FAE04EC0-301F-11D3-BF4B-00C04F79EFBC}") = "Contracts", "Contracts\Contracts.csproj", "{0F6B6498-8673-4353-B695-72B284A36800}"
EndProject
Project("{FAE04EC0-301F-11D3-BF4B-00C04F79EFBC}") = "GatewayService", "GatewayService\GatewayService.csproj", "{C531E48D-3A14-4C75-933E-D1C4096B08B0}"
EndProject
Project("{FAE04EC0-301F-11D3-BF4B-00C04F79EFBC}") = "IdentityService", "IdentityService\IdentityService.csproj", "{DFAC27B9-9C05-4713-A9C8-A8D019DB774E}"
EndProject
Global
	GlobalSection(SolutionConfigurationPlatforms) = preSolution
		Debug|Any CPU = Debug|Any CPU
		Release|Any CPU = Release|Any CPU
	EndGlobalSection
	GlobalSection(SolutionProperties) = preSolution
		HideSolutionNode = FALSE
	EndGlobalSection
	GlobalSection(ProjectConfigurationPlatforms) = postSolution
		{B91C5254-5075-437D-8BC7-ECCD74F06E85}.Debug|Any CPU.ActiveCfg = Debug|Any CPU
		{B91C5254-5075-437D-8BC7-ECCD74F06E85}.Debug|Any CPU.Build.0 = Debug|Any CPU
		{B91C5254-5075-437D-8BC7-ECCD74F06E85}.Release|Any CPU.ActiveCfg = Release|Any CPU
		{B91C5254-5075-437D-8BC7-ECCD74F06E85}.Release|Any CPU.Build.0 = Release|Any CPU
		{691F56BC-CCF7-444F-8EB2-EE92664FBA88}.Debug|Any CPU.ActiveCfg = Debug|Any CPU
		{691F56BC-CCF7-444F-8EB2-EE92664FBA88}.Debug|Any CPU.Build.0 = Debug|Any CPU
		{691F56BC-CCF7-444F-8EB2-EE92664FBA88}.Release|Any CPU.ActiveCfg = Release|Any CPU
		{691F56BC-CCF7-444F-8EB2-EE92664FBA88}.Release|Any CPU.Build.0 = Release|Any CPU
		{0F6B6498-8673-4353-B695-72B284A36800}.Debug|Any CPU.ActiveCfg = Debug|Any CPU
		{0F6B6498-8673-4353-B695-72B284A36800}.Debug|Any CPU.Build.0 = Debug|Any CPU
		{0F6B6498-8673-4353-B695-72B284A36800}.Release|Any CPU.ActiveCfg = Release|Any CPU
		{0F6B6498-8673-4353-B695-72B284A36800}.Release|Any CPU.Build.0 = Release|Any CPU
		{BFAC005D-5652-4102-8CBB-6AABBC7A07D4}.Debug|Any CPU.ActiveCfg = Debug|Any CPU
		{BFAC005D-5652-4102-8CBB-6AABBC7A07D4}.Debug|Any CPU.Build.0 = Debug|Any CPU
		{BFAC005D-5652-4102-8CBB-6AABBC7A07D4}.Release|Any CPU.ActiveCfg = Release|Any CPU
		{BFAC005D-5652-4102-8CBB-6AABBC7A07D4}.Release|Any CPU.Build.0 = Release|Any CPU
		{C531E48D-3A14-4C75-933E-D1C4096B08B0}.Debug|Any CPU.ActiveCfg = Debug|Any CPU
		{C531E48D-3A14-4C75-933E-D1C4096B08B0}.Debug|Any CPU.Build.0 = Debug|Any CPU
		{C531E48D-3A14-4C75-933E-D1C4096B08B0}.Release|Any CPU.ActiveCfg = Release|Any CPU
		{C531E48D-3A14-4C75-933E-D1C4096B08B0}.Release|Any CPU.Build.0 = Release|Any CPU
		{DFAC27B9-9C05-4713-A9C8-A8D019DB774E}.Debug|Any CPU.ActiveCfg = Debug|Any CPU
		{DFAC27B9-9C05-4713-A9C8-A8D019DB774E}.Debug|Any CPU.Build.0 = Debug|Any CPU
		{DFAC27B9-9C05-4713-A9C8-A8D019DB774E}.Release|Any CPU.ActiveCfg = Release|Any CPU
		{DFAC27B9-9C05-4713-A9C8-A8D019DB774E}.Release|Any CPU.Build.0 = Release|Any CPU
	EndGlobalSection
EndGlobal
